<?xml version="1.0" encoding="utf-8"?>
<Project ToolsVersion="4.0" xmlns="http://schemas.microsoft.com/developer/msbuild/2003">
  <ItemGroup>
    <Filter Include="Source Files">
      <UniqueIdentifier>{4FC737F1-C7A5-4376-A066-2A32D752A2FF}</UniqueIdentifier>
      <Extensions>cpp;c;cc;cxx;def;odl;idl;hpj;bat;asm;asmx</Extensions>
    </Filter>
    <Filter Include="Header Files">
      <UniqueIdentifier>{93995380-89BD-4b04-88EB-625FBE52EBFB}</UniqueIdentifier>
      <Extensions>h;hh;hpp;hxx;hm;inl;inc;xsd</Extensions>
    </Filter>
    <Filter Include="Source Files\GameProperty">
      <UniqueIdentifier>{c6d6cc7a-8323-4a2e-8ed1-62a1e3af1630}</UniqueIdentifier>
    </Filter>
    <Filter Include="Source Files\DirectxProperty">
      <UniqueIdentifier>{c95b7815-e1fd-4c03-898a-070559e2f430}</UniqueIdentifier>
    </Filter>
    <Filter Include="Header Files\GameProperty">
      <UniqueIdentifier>{130dfd60-4d27-49f5-9f4a-84fac33fcbe8}</UniqueIdentifier>
    </Filter>
    <Filter Include="Header Files\DirectxProperty">
      <UniqueIdentifier>{70ebd6be-eb98-4598-bde4-c37844d3bd78}</UniqueIdentifier>
    </Filter>
    <Filter Include="Header Files\GameProperty\Animation">
      <UniqueIdentifier>{c33ad9f5-8ab7-4499-8940-aed824ff86d7}</UniqueIdentifier>
    </Filter>
    <Filter Include="Source Files\GameProperty\Animation">
      <UniqueIdentifier>{6fe3912c-587e-42fc-80ba-e0628b48c28d}</UniqueIdentifier>
    </Filter>
    <Filter Include="Header Files\GameProperty\Tranform">
      <UniqueIdentifier>{1691675c-d61e-4f8c-a766-659209c7db02}</UniqueIdentifier>
    </Filter>
    <Filter Include="Source Files\GameProperty\Tranform">
      <UniqueIdentifier>{f0655136-74aa-4cb0-8201-d8088da0b8ef}</UniqueIdentifier>
    </Filter>
    <Filter Include="Header Files\GameProperty\Control">
      <UniqueIdentifier>{74d81cc1-34a7-491f-a8e1-c25fce47cb0c}</UniqueIdentifier>
    </Filter>
    <Filter Include="Source Files\GameProperty\Control">
      <UniqueIdentifier>{11c9d029-b906-46c1-880a-eded773b37b0}</UniqueIdentifier>
    </Filter>
    <Filter Include="Header Files\GameContent">
      <UniqueIdentifier>{a9c0ac59-88d7-452d-a25b-1ee269c5382c}</UniqueIdentifier>
    </Filter>
    <Filter Include="Source Files\GameContent">
      <UniqueIdentifier>{c741b8d7-0250-4d9a-96bb-1fac5cea8fa9}</UniqueIdentifier>
    </Filter>
    <Filter Include="RapidJson">
      <UniqueIdentifier>{d77c927d-fd78-4f43-adc5-afeb5998375b}</UniqueIdentifier>
    </Filter>
    <Filter Include="Resource Files">
      <UniqueIdentifier>{67DA6AB6-F800-4c08-8B7A-83BB121AAD01}</UniqueIdentifier>
      <Extensions>rc;ico;cur;bmp;dlg;rc2;rct;bin;rgs;gif;jpg;jpeg;jpe;resx;tiff;tif;png;wav;mfcribbon-ms</Extensions>
    </Filter>
  </ItemGroup>
  <ItemGroup>
    <ClInclude Include="define.h">
      <Filter>Header Files</Filter>
    </ClInclude>
    <ClInclude Include="dxGraphic.h">
      <Filter>Header Files\DirectxProperty</Filter>
    </ClInclude>
    <ClInclude Include="IAnimation.h">
      <Filter>Header Files\GameProperty\Animation</Filter>
    </ClInclude>
    <ClInclude Include="Animation_defaut.h">
      <Filter>Header Files\GameProperty\Animation</Filter>
    </ClInclude>
    <ClInclude Include="IControl.h">
      <Filter>Header Files\GameProperty\Control</Filter>
    </ClInclude>
    <ClInclude Include="Keyboard_Input.h">
      <Filter>Header Files\GameProperty\Control</Filter>
    </ClInclude>
    <ClInclude Include="Gameobject.h">
      <Filter>Header Files\GameProperty</Filter>
    </ClInclude>
    <ClInclude Include="game.h">
      <Filter>Header Files\GameProperty</Filter>
    </ClInclude>
    <ClInclude Include="rapidjson\allocators.h">
      <Filter>RapidJson</Filter>
    </ClInclude>
    <ClInclude Include="rapidjson\document.h">
      <Filter>RapidJson</Filter>
    </ClInclude>
    <ClInclude Include="rapidjson\encodedstream.h">
      <Filter>RapidJson</Filter>
    </ClInclude>
    <ClInclude Include="rapidjson\encodings.h">
      <Filter>RapidJson</Filter>
    </ClInclude>
    <ClInclude Include="rapidjson\filereadstream.h">
      <Filter>RapidJson</Filter>
    </ClInclude>
    <ClInclude Include="rapidjson\filewritestream.h">
      <Filter>RapidJson</Filter>
    </ClInclude>
    <ClInclude Include="rapidjson\fwd.h">
      <Filter>RapidJson</Filter>
    </ClInclude>
    <ClInclude Include="rapidjson\istreamwrapper.h">
      <Filter>RapidJson</Filter>
    </ClInclude>
    <ClInclude Include="rapidjson\memorybuffer.h">
      <Filter>RapidJson</Filter>
    </ClInclude>
    <ClInclude Include="rapidjson\memorystream.h">
      <Filter>RapidJson</Filter>
    </ClInclude>
    <ClInclude Include="rapidjson\ostreamwrapper.h">
      <Filter>RapidJson</Filter>
    </ClInclude>
    <ClInclude Include="rapidjson\pointer.h">
      <Filter>RapidJson</Filter>
    </ClInclude>
    <ClInclude Include="rapidjson\prettywriter.h">
      <Filter>RapidJson</Filter>
    </ClInclude>
    <ClInclude Include="rapidjson\rapidjson.h">
      <Filter>RapidJson</Filter>
    </ClInclude>
    <ClInclude Include="rapidjson\reader.h">
      <Filter>RapidJson</Filter>
    </ClInclude>
    <ClInclude Include="rapidjson\schema.h">
      <Filter>RapidJson</Filter>
    </ClInclude>
    <ClInclude Include="rapidjson\stream.h">
      <Filter>RapidJson</Filter>
    </ClInclude>
    <ClInclude Include="rapidjson\stringbuffer.h">
      <Filter>RapidJson</Filter>
    </ClInclude>
    <ClInclude Include="rapidjson\writer.h">
      <Filter>RapidJson</Filter>
    </ClInclude>
    <ClInclude Include="resource.h">
      <Filter>Header Files</Filter>
    </ClInclude>
    <ClInclude Include="Animation.h">
      <Filter>Header Files\GameProperty\Animation</Filter>
    </ClInclude>
    <ClInclude Include="AnimationControl.h">
      <Filter>Header Files\GameProperty\Animation</Filter>
    </ClInclude>
    <ClInclude Include="Megaman.h">
      <Filter>Header Files\GameContent</Filter>
    </ClInclude>
    <ClInclude Include="Zero.h">
      <Filter>Header Files\GameContent</Filter>
    </ClInclude>
  </ItemGroup>
  <ItemGroup>
    <ClCompile Include="dxGraphic.cpp">
      <Filter>Source Files\DirectxProperty</Filter>
    </ClCompile>
    <ClCompile Include="Animation_defaut.cpp">
      <Filter>Source Files\GameProperty\Animation</Filter>
    </ClCompile>
    <ClCompile Include="Keyboard_Input.cpp">
      <Filter>Source Files\GameProperty\Control</Filter>
    </ClCompile>
    <ClCompile Include="Gameobject.cpp">
      <Filter>Source Files\GameProperty</Filter>
    </ClCompile>
    <ClCompile Include="winmain.cpp">
      <Filter>Source Files\DirectxProperty</Filter>
    </ClCompile>
    <ClCompile Include="game.cpp">
      <Filter>Source Files\GameProperty</Filter>
    </ClCompile>
    <ClCompile Include="Animation.cpp">
      <Filter>Source Files\GameProperty\Animation</Filter>
    </ClCompile>
    <ClCompile Include="AnimationControl.cpp">
      <Filter>Source Files\GameProperty\Animation</Filter>
    </ClCompile>
    <ClCompile Include="Megaman.cpp">
      <Filter>Source Files\GameContent</Filter>
    </ClCompile>
    <ClCompile Include="Zero.cpp">
      <Filter>Source Files\GameContent</Filter>
    </ClCompile>
  </ItemGroup>
  <ItemGroup>
    <ResourceCompile Include="Game.rc">
      <Filter>Resource Files</Filter>
    </ResourceCompile>
  </ItemGroup>
</Project>